
Microsoft Visual Studio Solution File, Format Version 12.00
# Visual Studio Version 17
VisualStudioVersion = 17.3.32901.215
MinimumVisualStudioVersion = 10.0.40219.1
Project("{9A19103F-16F7-4668-BE54-9A1E7A4F7556}") = "Oefening1", "Oefening1\Oefening1.csproj", "{CD91D24E-2F6D-495B-A457-9949834DEB8F}"
EndProject
Project("{9A19103F-16F7-4668-BE54-9A1E7A4F7556}") = "Oefening2", "Oefening2\Oefening2.csproj", "{7AFEB33B-B203-4487-BD5B-ECFF65280826}"
EndProject
Project("{FAE04EC0-301F-11D3-BF4B-00C04F79EFBC}") = "Oefening3", "Oefening3\Oefening3.csproj", "{A794ABB1-F5DF-46D6-B094-5F9FE54A0155}"
EndProject
Global
	GlobalSection(SolutionConfigurationPlatforms) = preSolution
		Debug|Any CPU = Debug|Any CPU
		Release|Any CPU = Release|Any CPU
	EndGlobalSection
	GlobalSection(ProjectConfigurationPlatforms) = postSolution
		{CD91D24E-2F6D-495B-A457-9949834DEB8F}.Debug|Any CPU.ActiveCfg = Debug|Any CPU
		{CD91D24E-2F6D-495B-A457-9949834DEB8F}.Debug|Any CPU.Build.0 = Debug|Any CPU
		{CD91D24E-2F6D-495B-A457-9949834DEB8F}.Release|Any CPU.ActiveCfg = Release|Any CPU
		{CD91D24E-2F6D-495B-A457-9949834DEB8F}.Release|Any CPU.Build.0 = Release|Any CPU
		{7AFEB33B-B203-4487-BD5B-ECFF65280826}.Debug|Any CPU.ActiveCfg = Debug|Any CPU
		{7AFEB33B-B203-4487-BD5B-ECFF65280826}.Debug|Any CPU.Build.0 = Debug|Any CPU
		{7AFEB33B-B203-4487-BD5B-ECFF65280826}.Release|Any CPU.ActiveCfg = Release|Any CPU
		{7AFEB33B-B203-4487-BD5B-ECFF65280826}.Release|Any CPU.Build.0 = Release|Any CPU
		{A794ABB1-F5DF-46D6-B094-5F9FE54A0155}.Debug|Any CPU.ActiveCfg = Debug|Any CPU
		{A794ABB1-F5DF-46D6-B094-5F9FE54A0155}.Debug|Any CPU.Build.0 = Debug|Any CPU
		{A794ABB1-F5DF-46D6-B094-5F9FE54A0155}.Release|Any CPU.ActiveCfg = Release|Any CPU
		{A794ABB1-F5DF-46D6-B094-5F9FE54A0155}.Release|Any CPU.Build.0 = Release|Any CPU
	EndGlobalSection
	GlobalSection(SolutionProperties) = preSolution
		HideSolutionNode = FALSE
	EndGlobalSection
	GlobalSection(ExtensibilityGlobals) = postSolution
		SolutionGuid = {FF5839E1-A581-4625-BCAD-822086B72603}
	EndGlobalSection
EndGlobal
